<?xml version="1.0" encoding="utf-8"?>
<Project ToolsVersion="4.0" xmlns="http://schemas.microsoft.com/developer/msbuild/2003">
  <ItemGroup>
    <Filter Include="Исходные файлы">
      <UniqueIdentifier>{4FC737F1-C7A5-4376-A066-2A32D752A2FF}</UniqueIdentifier>
      <Extensions>cpp;c;cc;cxx;c++;cppm;ixx;def;odl;idl;hpj;bat;asm;asmx</Extensions>
    </Filter>
    <Filter Include="Файлы заголовков">
      <UniqueIdentifier>{93995380-89BD-4b04-88EB-625FBE52EBFB}</UniqueIdentifier>
      <Extensions>h;hh;hpp;hxx;h++;hm;inl;inc;ipp;xsd</Extensions>
    </Filter>
    <Filter Include="Файлы ресурсов">
      <UniqueIdentifier>{67DA6AB6-F800-4c08-8B7A-83BB121AAD01}</UniqueIdentifier>
      <Extensions>rc;ico;cur;bmp;dlg;rc2;rct;bin;rgs;gif;jpg;jpeg;jpe;resx;tiff;tif;png;wav;mfcribbon-ms</Extensions>
    </Filter>
    <Filter Include="Файлы заголовков\Functions">
      <UniqueIdentifier>{aa18c1f0-f814-4c72-97b6-494c71f479a5}</UniqueIdentifier>
    </Filter>
    <Filter Include="Исходные файлы\Class Implementation">
      <UniqueIdentifier>{b133e787-061a-4919-948a-d46a157f85e6}</UniqueIdentifier>
    </Filter>
    <Filter Include="Исходные файлы\Class Implementation\Huffman classes">
      <UniqueIdentifier>{2411c488-5d53-4358-9c0e-f4cce2833d8a}</UniqueIdentifier>
    </Filter>
    <Filter Include="Файлы заголовков\Headers Class">
      <UniqueIdentifier>{c54e2bd8-d4f1-48cb-baaf-b08fa3997df8}</UniqueIdentifier>
    </Filter>
    <Filter Include="Файлы заголовков\Headers Class\Headers Huffman classes">
      <UniqueIdentifier>{44696762-ace5-437a-8199-decf251a5087}</UniqueIdentifier>
    </Filter>
    <Filter Include="Файлы заголовков\Headers Class\Headers SMFL classes">
      <UniqueIdentifier>{3df7c30f-342d-4c41-8f87-4cc64f87c578}</UniqueIdentifier>
    </Filter>
    <Filter Include="Файлы заголовков\Software Screens">
      <UniqueIdentifier>{f6041f0e-e676-4bc2-ab47-af8445c54d81}</UniqueIdentifier>
    </Filter>
    <Filter Include="Файлы заголовков\Headers Class\Archiver classes">
      <UniqueIdentifier>{7363d392-ac2c-4eac-bd74-8dc45faf10c4}</UniqueIdentifier>
    </Filter>
  </ItemGroup>
  <ItemGroup>
    <ClCompile Include="main.cpp">
      <Filter>Исходные файлы</Filter>
    </ClCompile>
    <ClCompile Include="HuffmanCode.cpp">
      <Filter>Исходные файлы\Class Implementation\Huffman classes</Filter>
    </ClCompile>
    <ClCompile Include="HuffmanTree.cpp">
      <Filter>Исходные файлы\Class Implementation\Huffman classes</Filter>
    </ClCompile>
    <ClCompile Include="Logger.cpp">
      <Filter>Исходные файлы\Class Implementation</Filter>
    </ClCompile>
    <ClCompile Include="Convert.cpp">
      <Filter>Исходные файлы\Class Implementation</Filter>
    </ClCompile>
  </ItemGroup>
  <ItemGroup>
    <ClInclude Include="ProgramOptions.h">
      <Filter>Файлы заголовков</Filter>
    </ClInclude>
    <ClInclude Include="FileFunctions.h">
      <Filter>Файлы заголовков\Functions</Filter>
    </ClInclude>
    <ClInclude Include="HuffmanCode.h">
      <Filter>Файлы заголовков\Headers Class\Headers Huffman classes</Filter>
    </ClInclude>
    <ClInclude Include="HuffmanTree.h">
      <Filter>Файлы заголовков\Headers Class\Headers Huffman classes</Filter>
    </ClInclude>
    <ClInclude Include="Convert.h">
      <Filter>Файлы заголовков\Headers Class</Filter>
    </ClInclude>
    <ClInclude Include="Logger.h">
      <Filter>Файлы заголовков\Headers Class</Filter>
    </ClInclude>
    <ClInclude Include="Button.h">
      <Filter>Файлы заголовков\Headers Class\Headers SMFL classes</Filter>
    </ClInclude>
    <ClInclude Include="Textbox.h">
      <Filter>Файлы заголовков\Headers Class\Headers SMFL classes</Filter>
    </ClInclude>
    <ClInclude Include="LoadingScreen.h">
      <Filter>Файлы заголовков\Software Screens</Filter>
    </ClInclude>
    <ClInclude Include="Archiver Screen.h">
      <Filter>Файлы заголовков\Software Screens</Filter>
    </ClInclude>
    <ClInclude Include="Unarchiver Screen.h">
      <Filter>Файлы заголовков\Software Screens</Filter>
    </ClInclude>
    <ClInclude Include="Menu Screen.h">
      <Filter>Файлы заголовков\Software Screens</Filter>
    </ClInclude>
    <ClInclude Include="Unarchiver.h">
      <Filter>Файлы заголовков\Headers Class\Archiver classes</Filter>
    </ClInclude>
    <ClInclude Include="Archiver.h">
      <Filter>Файлы заголовков\Headers Class\Archiver classes</Filter>
    </ClInclude>
    <ClInclude Include="ArchiveHeaders.h">
      <Filter>Файлы заголовков\Headers Class\Archiver classes</Filter>
    </ClInclude>
  </ItemGroup>
</Project>